
Microsoft Visual Studio Solution File, Format Version 12.00
# Visual Studio Version 17
VisualStudioVersion = 17.9.34902.65
MinimumVisualStudioVersion = 10.0.40219.1
Project("{FAE04EC0-301F-11D3-BF4B-00C04F79EFBC}") = "EmployeeManagement", "EmployeeManagement.csproj", "{6A50C8A5-61BA-439B-B432-38597A0FAD3C}"
EndProject
Global
	GlobalSection(SolutionConfigurationPlatforms) = preSolution
		Debug|Any CPU = Debug|Any CPU
		Release|Any CPU = Release|Any CPU
	EndGlobalSection
	GlobalSection(ProjectConfigurationPlatforms) = postSolution
		{6A50C8A5-61BA-439B-B432-38597A0FAD3C}.Debug|Any CPU.ActiveCfg = Debug|Any CPU
		{6A50C8A5-61BA-439B-B432-38597A0FAD3C}.Debug|Any CPU.Build.0 = Debug|Any CPU
		{6A50C8A5-61BA-439B-B432-38597A0FAD3C}.Release|Any CPU.ActiveCfg = Release|Any CPU
		{6A50C8A5-61BA-439B-B432-38597A0FAD3C}.Release|Any CPU.Build.0 = Release|Any CPU
	EndGlobalSection
	GlobalSection(SolutionProperties) = preSolution
		HideSolutionNode = FALSE
	EndGlobalSection
	GlobalSection(ExtensibilityGlobals) = postSolution
		SolutionGuid = {863452CD-C6B8-4394-90B3-EA8BEC641E99}
	EndGlobalSection
EndGlobal
